
Microsoft Visual Studio Solution File, Format Version 12.00
# Visual Studio Version 17
VisualStudioVersion = 17.11.35222.181
MinimumVisualStudioVersion = 10.0.40219.1
Project("{FAE04EC0-301F-11D3-BF4B-00C04F79EFBC}") = "ProductManagementAPI", "ProjectManagementAPI\ProductManagementAPI.csproj", "{72FF2D21-1DC7-4668-8AF1-F95C41EDA9F8}"
EndProject
Project("{FAE04EC0-301F-11D3-BF4B-00C04F79EFBC}") = "ProductManagementWebClient", "ProjectManagementWebClient\ProductManagementWebClient.csproj", "{CBE58B7F-1BE5-4807-B430-7341F2F9A460}"
EndProject
Project("{FAE04EC0-301F-11D3-BF4B-00C04F79EFBC}") = "BusinessObjects", "BusinessObjects\BusinessObjects.csproj", "{0219FA70-2E0A-4A0A-8DEF-DF0E3F8E990F}"
EndProject
Project("{FAE04EC0-301F-11D3-BF4B-00C04F79EFBC}") = "Repositories", "Repositories\Repositories.csproj", "{1E1765B0-9717-4A8E-8FCB-1937801E39E8}"
EndProject
Project("{FAE04EC0-301F-11D3-BF4B-00C04F79EFBC}") = "DataAccess", "DataAccess\DataAccess.csproj", "{D412CD0A-04A2-4C1A-979B-72EEBCF8B981}"
EndProject
Global
	GlobalSection(SolutionConfigurationPlatforms) = preSolution
		Debug|Any CPU = Debug|Any CPU
		Release|Any CPU = Release|Any CPU
	EndGlobalSection
	GlobalSection(ProjectConfigurationPlatforms) = postSolution
		{72FF2D21-1DC7-4668-8AF1-F95C41EDA9F8}.Debug|Any CPU.ActiveCfg = Debug|Any CPU
		{72FF2D21-1DC7-4668-8AF1-F95C41EDA9F8}.Debug|Any CPU.Build.0 = Debug|Any CPU
		{72FF2D21-1DC7-4668-8AF1-F95C41EDA9F8}.Release|Any CPU.ActiveCfg = Release|Any CPU
		{72FF2D21-1DC7-4668-8AF1-F95C41EDA9F8}.Release|Any CPU.Build.0 = Release|Any CPU
		{CBE58B7F-1BE5-4807-B430-7341F2F9A460}.Debug|Any CPU.ActiveCfg = Debug|Any CPU
		{CBE58B7F-1BE5-4807-B430-7341F2F9A460}.Debug|Any CPU.Build.0 = Debug|Any CPU
		{CBE58B7F-1BE5-4807-B430-7341F2F9A460}.Release|Any CPU.ActiveCfg = Release|Any CPU
		{CBE58B7F-1BE5-4807-B430-7341F2F9A460}.Release|Any CPU.Build.0 = Release|Any CPU
		{0219FA70-2E0A-4A0A-8DEF-DF0E3F8E990F}.Debug|Any CPU.ActiveCfg = Debug|Any CPU
		{0219FA70-2E0A-4A0A-8DEF-DF0E3F8E990F}.Debug|Any CPU.Build.0 = Debug|Any CPU
		{0219FA70-2E0A-4A0A-8DEF-DF0E3F8E990F}.Release|Any CPU.ActiveCfg = Release|Any CPU
		{0219FA70-2E0A-4A0A-8DEF-DF0E3F8E990F}.Release|Any CPU.Build.0 = Release|Any CPU
		{1E1765B0-9717-4A8E-8FCB-1937801E39E8}.Debug|Any CPU.ActiveCfg = Debug|Any CPU
		{1E1765B0-9717-4A8E-8FCB-1937801E39E8}.Debug|Any CPU.Build.0 = Debug|Any CPU
		{1E1765B0-9717-4A8E-8FCB-1937801E39E8}.Release|Any CPU.ActiveCfg = Release|Any CPU
		{1E1765B0-9717-4A8E-8FCB-1937801E39E8}.Release|Any CPU.Build.0 = Release|Any CPU
		{D412CD0A-04A2-4C1A-979B-72EEBCF8B981}.Debug|Any CPU.ActiveCfg = Debug|Any CPU
		{D412CD0A-04A2-4C1A-979B-72EEBCF8B981}.Debug|Any CPU.Build.0 = Debug|Any CPU
		{D412CD0A-04A2-4C1A-979B-72EEBCF8B981}.Release|Any CPU.ActiveCfg = Release|Any CPU
		{D412CD0A-04A2-4C1A-979B-72EEBCF8B981}.Release|Any CPU.Build.0 = Release|Any CPU
	EndGlobalSection
	GlobalSection(SolutionProperties) = preSolution
		HideSolutionNode = FALSE
	EndGlobalSection
	GlobalSection(ExtensibilityGlobals) = postSolution
		SolutionGuid = {AB3FFA49-4DD1-4B67-AECE-5A6E1450BA46}
	EndGlobalSection
EndGlobal
