
Microsoft Visual Studio Solution File, Format Version 12.00
# Visual Studio Version 17
VisualStudioVersion = 17.11.35222.181
MinimumVisualStudioVersion = 10.0.40219.1
Project("{FAE04EC0-301F-11D3-BF4B-00C04F79EFBC}") = "PT1", "PT1\PT1.csproj", "{905D71DC-9129-442B-BD0E-BAF9FE294816}"
EndProject
Global
	GlobalSection(SolutionConfigurationPlatforms) = preSolution
		Debug|Any CPU = Debug|Any CPU
		Release|Any CPU = Release|Any CPU
	EndGlobalSection
	GlobalSection(ProjectConfigurationPlatforms) = postSolution
		{905D71DC-9129-442B-BD0E-BAF9FE294816}.Debug|Any CPU.ActiveCfg = Debug|Any CPU
		{905D71DC-9129-442B-BD0E-BAF9FE294816}.Debug|Any CPU.Build.0 = Debug|Any CPU
		{905D71DC-9129-442B-BD0E-BAF9FE294816}.Release|Any CPU.ActiveCfg = Release|Any CPU
		{905D71DC-9129-442B-BD0E-BAF9FE294816}.Release|Any CPU.Build.0 = Release|Any CPU
	EndGlobalSection
	GlobalSection(SolutionProperties) = preSolution
		HideSolutionNode = FALSE
	EndGlobalSection
	GlobalSection(ExtensibilityGlobals) = postSolution
		SolutionGuid = {B128E6FF-EC8C-48B9-95A5-D5841ACFD9FD}
	EndGlobalSection
EndGlobal
